
Microsoft Visual Studio Solution File, Format Version 12.00
# Visual Studio 15
VisualStudioVersion = 15.0.27004.2006
MinimumVisualStudioVersion = 10.0.40219.1
Project("{FAE04EC0-301F-11D3-BF4B-00C04F79EFBC}") = "Stack OOP", "Stack OOP\Stack OOP.csproj", "{070680A0-C020-4ED8-8E51-F110A4210CFF}"
EndProject
Global
	GlobalSection(SolutionConfigurationPlatforms) = preSolution
		Debug|Any CPU = Debug|Any CPU
		Release|Any CPU = Release|Any CPU
	EndGlobalSection
	GlobalSection(ProjectConfigurationPlatforms) = postSolution
		{070680A0-C020-4ED8-8E51-F110A4210CFF}.Debug|Any CPU.ActiveCfg = Debug|Any CPU
		{070680A0-C020-4ED8-8E51-F110A4210CFF}.Debug|Any CPU.Build.0 = Debug|Any CPU
		{070680A0-C020-4ED8-8E51-F110A4210CFF}.Release|Any CPU.ActiveCfg = Release|Any CPU
		{070680A0-C020-4ED8-8E51-F110A4210CFF}.Release|Any CPU.Build.0 = Release|Any CPU
	EndGlobalSection
	GlobalSection(SolutionProperties) = preSolution
		HideSolutionNode = FALSE
	EndGlobalSection
	GlobalSection(ExtensibilityGlobals) = postSolution
		SolutionGuid = {982B17A5-15C1-4794-9934-F5A9F62F3DC7}
	EndGlobalSection
EndGlobal
